{
  "object": {
    "pins": [
      {
        "package": "Kwift",
        "repositoryURL": "https://github.com/kojirou1994/Kwift",
        "state": {
          "branch": null,
          "revision": "6727c6ecc0681e4a0955db14bd1c3674981127ee",
          "version": "0.1.3"
        }
      },
      {
        "package": "NonEmpty",
        "repositoryURL": "https://github.com/pointfreeco/swift-nonempty.git",
        "state": {
          "branch": null,
          "revision": "2051d80bcc1510f14508c942d64b5c6364ed1bdc",
          "version": "0.2.0"
        }
      }
    ]
  },
  "version": 1
}
