{
  "object": {
    "pins": [
      {
        "package": "Kwift",
        "repositoryURL": "http://10.0.0.100:3000/kojirou/Kwift",
        "state": {
          "branch": null,
          "revision": "0ab564fb6caf4e120ef736f351b586891ba68963",
          "version": "0.1.7"
        }
      },
      {
        "package": "NonEmpty",
        "repositoryURL": "http://10.0.0.100:3000/kojirou/swift-nonempty",
        "state": {
          "branch": null,
          "revision": "2051d80bcc1510f14508c942d64b5c6364ed1bdc",
          "version": "0.2.0"
        }
      }
    ]
  },
  "version": 1
}
